// !$*UTF8*$!
{
	archiveVersion = 1;
	classes = {
	};
	objectVersion = 56;
	objects = {

/* Begin PBXBuildFile section */
		93E15ADC4F3A633F2EDB2723 /* Pods_2Dgame.framework in Frameworks */ = {isa = PBXBuildFile; fileRef = 57610F0A59AFB6791B064E1E /* Pods_2Dgame.framework */; };
		FA43B7452B7B8C2F0087758C /* GameViewController.swift in Sources */ = {isa = PBXBuildFile; fileRef = FA43B7442B7B8C2F0087758C /* GameViewController.swift */; };
		FA43B7472B7B8C450087758C /* SettingsViewController.swift in Sources */ = {isa = PBXBuildFile; fileRef = FA43B7462B7B8C450087758C /* SettingsViewController.swift */; };
		FA43B74C2B7B8CF30087758C /* UIStackView + Extensions.swift in Sources */ = {isa = PBXBuildFile; fileRef = FA43B74B2B7B8CF30087758C /* UIStackView + Extensions.swift */; };
		FA43B74E2B7B8D620087758C /* MainButton.swift in Sources */ = {isa = PBXBuildFile; fileRef = FA43B74D2B7B8D620087758C /* MainButton.swift */; };
		FA43B7512B7B8EEF0087758C /* ScoreViewController.swift in Sources */ = {isa = PBXBuildFile; fileRef = FA43B7502B7B8EEF0087758C /* ScoreViewController.swift */; };
		FA490CE02B7B88090086DFDE /* MainViewController.swift in Sources */ = {isa = PBXBuildFile; fileRef = FA490CDF2B7B88090086DFDE /* MainViewController.swift */; };
		FA4AEBE32B7B4D4E0067DE9F /* AppDelegate.swift in Sources */ = {isa = PBXBuildFile; fileRef = FA4AEBE22B7B4D4E0067DE9F /* AppDelegate.swift */; };
		FA4AEBE52B7B4D4E0067DE9F /* SceneDelegate.swift in Sources */ = {isa = PBXBuildFile; fileRef = FA4AEBE42B7B4D4E0067DE9F /* SceneDelegate.swift */; };
		FA4AEBEC2B7B4D4F0067DE9F /* Assets.xcassets in Resources */ = {isa = PBXBuildFile; fileRef = FA4AEBEB2B7B4D4F0067DE9F /* Assets.xcassets */; };
		FA4AEBEF2B7B4D4F0067DE9F /* LaunchScreen.storyboard in Resources */ = {isa = PBXBuildFile; fileRef = FA4AEBED2B7B4D4F0067DE9F /* LaunchScreen.storyboard */; };
		FA6B51192B7CA34900CD90DC /* CGFloat + Extensions.swift in Sources */ = {isa = PBXBuildFile; fileRef = FA6B51182B7CA34900CD90DC /* CGFloat + Extensions.swift */; };
		FAA9BD402B8C85D70061F938 /* SpeedManager.swift in Sources */ = {isa = PBXBuildFile; fileRef = FAA9BD3F2B8C85D70061F938 /* SpeedManager.swift */; };
		FAA9BD442B8CA7230061F938 /* MoveCarButton.swift in Sources */ = {isa = PBXBuildFile; fileRef = FAA9BD432B8CA7230061F938 /* MoveCarButton.swift */; };
		FAAA73C22B7F42920053A27D /* UILabel + Extension.swift in Sources */ = {isa = PBXBuildFile; fileRef = FAAA73C12B7F42920053A27D /* UILabel + Extension.swift */; };
		FAD45CDB2B836F6A00B185AD /* ScoreTableViewCell.swift in Sources */ = {isa = PBXBuildFile; fileRef = FAD45CDA2B836F6A00B185AD /* ScoreTableViewCell.swift */; };
		FAD45CDD2B836FD000B185AD /* UIView + Extension.swift in Sources */ = {isa = PBXBuildFile; fileRef = FAD45CDC2B836FD000B185AD /* UIView + Extension.swift */; };
		FAD45CDF2B83775B00B185AD /* UserModel.swift in Sources */ = {isa = PBXBuildFile; fileRef = FAD45CDE2B83775B00B185AD /* UserModel.swift */; };
/* End PBXBuildFile section */

/* Begin PBXFileReference section */
		47D6365F77CA1CE0F0D8A6FE /* Pods-2Dgame.release.xcconfig */ = {isa = PBXFileReference; includeInIndex = 1; lastKnownFileType = text.xcconfig; name = "Pods-2Dgame.release.xcconfig"; path = "Target Support Files/Pods-2Dgame/Pods-2Dgame.release.xcconfig"; sourceTree = "<group>"; };
		57610F0A59AFB6791B064E1E /* Pods_2Dgame.framework */ = {isa = PBXFileReference; explicitFileType = wrapper.framework; includeInIndex = 0; path = Pods_2Dgame.framework; sourceTree = BUILT_PRODUCTS_DIR; };
		7A153192CED3FB3268A6D15C /* Pods-2Dgame.debug.xcconfig */ = {isa = PBXFileReference; includeInIndex = 1; lastKnownFileType = text.xcconfig; name = "Pods-2Dgame.debug.xcconfig"; path = "Target Support Files/Pods-2Dgame/Pods-2Dgame.debug.xcconfig"; sourceTree = "<group>"; };
		FA43B7442B7B8C2F0087758C /* GameViewController.swift */ = {isa = PBXFileReference; lastKnownFileType = sourcecode.swift; path = GameViewController.swift; sourceTree = "<group>"; };
		FA43B7462B7B8C450087758C /* SettingsViewController.swift */ = {isa = PBXFileReference; lastKnownFileType = sourcecode.swift; path = SettingsViewController.swift; sourceTree = "<group>"; };
		FA43B74B2B7B8CF30087758C /* UIStackView + Extensions.swift */ = {isa = PBXFileReference; lastKnownFileType = sourcecode.swift; path = "UIStackView + Extensions.swift"; sourceTree = "<group>"; };
		FA43B74D2B7B8D620087758C /* MainButton.swift */ = {isa = PBXFileReference; lastKnownFileType = sourcecode.swift; path = MainButton.swift; sourceTree = "<group>"; };
		FA43B7502B7B8EEF0087758C /* ScoreViewController.swift */ = {isa = PBXFileReference; lastKnownFileType = sourcecode.swift; path = ScoreViewController.swift; sourceTree = "<group>"; };
		FA490CDF2B7B88090086DFDE /* MainViewController.swift */ = {isa = PBXFileReference; lastKnownFileType = sourcecode.swift; path = MainViewController.swift; sourceTree = "<group>"; };
		FA4AEBDF2B7B4D4E0067DE9F /* 2Dgame.app */ = {isa = PBXFileReference; explicitFileType = wrapper.application; includeInIndex = 0; path = 2Dgame.app; sourceTree = BUILT_PRODUCTS_DIR; };
		FA4AEBE22B7B4D4E0067DE9F /* AppDelegate.swift */ = {isa = PBXFileReference; lastKnownFileType = sourcecode.swift; path = AppDelegate.swift; sourceTree = "<group>"; };
		FA4AEBE42B7B4D4E0067DE9F /* SceneDelegate.swift */ = {isa = PBXFileReference; lastKnownFileType = sourcecode.swift; path = SceneDelegate.swift; sourceTree = "<group>"; };
		FA4AEBEB2B7B4D4F0067DE9F /* Assets.xcassets */ = {isa = PBXFileReference; lastKnownFileType = folder.assetcatalog; path = Assets.xcassets; sourceTree = "<group>"; };
		FA4AEBEE2B7B4D4F0067DE9F /* Base */ = {isa = PBXFileReference; lastKnownFileType = file.storyboard; name = Base; path = Base.lproj/LaunchScreen.storyboard; sourceTree = "<group>"; };
		FA4AEBF02B7B4D4F0067DE9F /* Info.plist */ = {isa = PBXFileReference; lastKnownFileType = text.plist.xml; path = Info.plist; sourceTree = "<group>"; };
		FA6B51182B7CA34900CD90DC /* CGFloat + Extensions.swift */ = {isa = PBXFileReference; lastKnownFileType = sourcecode.swift; path = "CGFloat + Extensions.swift"; sourceTree = "<group>"; };
		FAA9BD3F2B8C85D70061F938 /* SpeedManager.swift */ = {isa = PBXFileReference; lastKnownFileType = sourcecode.swift; path = SpeedManager.swift; sourceTree = "<group>"; };
		FAA9BD432B8CA7230061F938 /* MoveCarButton.swift */ = {isa = PBXFileReference; lastKnownFileType = sourcecode.swift; path = MoveCarButton.swift; sourceTree = "<group>"; };
		FAAA73C12B7F42920053A27D /* UILabel + Extension.swift */ = {isa = PBXFileReference; lastKnownFileType = sourcecode.swift; path = "UILabel + Extension.swift"; sourceTree = "<group>"; };
		FAD45CDA2B836F6A00B185AD /* ScoreTableViewCell.swift */ = {isa = PBXFileReference; lastKnownFileType = sourcecode.swift; path = ScoreTableViewCell.swift; sourceTree = "<group>"; };
		FAD45CDC2B836FD000B185AD /* UIView + Extension.swift */ = {isa = PBXFileReference; lastKnownFileType = sourcecode.swift; path = "UIView + Extension.swift"; sourceTree = "<group>"; };
		FAD45CDE2B83775B00B185AD /* UserModel.swift */ = {isa = PBXFileReference; lastKnownFileType = sourcecode.swift; path = UserModel.swift; sourceTree = "<group>"; };
/* End PBXFileReference section */

/* Begin PBXFrameworksBuildPhase section */
		FA4AEBDC2B7B4D4E0067DE9F /* Frameworks */ = {
			isa = PBXFrameworksBuildPhase;
			buildActionMask = 2147483647;
			files = (
				93E15ADC4F3A633F2EDB2723 /* Pods_2Dgame.framework in Frameworks */,
			);
			runOnlyForDeploymentPostprocessing = 0;
		};
/* End PBXFrameworksBuildPhase section */

/* Begin PBXGroup section */
		67957FB62A5858B132A1B38B /* Frameworks */ = {
			isa = PBXGroup;
			children = (
				57610F0A59AFB6791B064E1E /* Pods_2Dgame.framework */,
			);
			name = Frameworks;
			sourceTree = "<group>";
		};
		EEC7649096FEB6339BA14790 /* Pods */ = {
			isa = PBXGroup;
			children = (
				7A153192CED3FB3268A6D15C /* Pods-2Dgame.debug.xcconfig */,
				47D6365F77CA1CE0F0D8A6FE /* Pods-2Dgame.release.xcconfig */,
			);
			path = Pods;
			sourceTree = "<group>";
		};
		FA1E2D122B8C7787000731A8 /* Services */ = {
			isa = PBXGroup;
			children = (
				FAD45CDE2B83775B00B185AD /* UserModel.swift */,
				FAA9BD3F2B8C85D70061F938 /* SpeedManager.swift */,
			);
			path = Services;
			sourceTree = "<group>";
		};
		FA43B7412B7B8BC90087758C /* MainScreen */ = {
			isa = PBXGroup;
			children = (
				FA490CDF2B7B88090086DFDE /* MainViewController.swift */,
			);
			path = MainScreen;
			sourceTree = "<group>";
		};
		FA43B7422B7B8BE80087758C /* GameScreen */ = {
			isa = PBXGroup;
			children = (
				FA43B7442B7B8C2F0087758C /* GameViewController.swift */,
			);
			path = GameScreen;
			sourceTree = "<group>";
		};
		FA43B7432B7B8BF80087758C /* SettingsScreen */ = {
			isa = PBXGroup;
			children = (
				FA43B7462B7B8C450087758C /* SettingsViewController.swift */,
			);
			path = SettingsScreen;
			sourceTree = "<group>";
		};
		FA43B7482B7B8C800087758C /* Extensions */ = {
			isa = PBXGroup;
			children = (
				FA43B74B2B7B8CF30087758C /* UIStackView + Extensions.swift */,
				FA6B51182B7CA34900CD90DC /* CGFloat + Extensions.swift */,
				FAAA73C12B7F42920053A27D /* UILabel + Extension.swift */,
				FAD45CDC2B836FD000B185AD /* UIView + Extension.swift */,
				FA43B74D2B7B8D620087758C /* MainButton.swift */,
				FAA9BD432B8CA7230061F938 /* MoveCarButton.swift */,
			);
			path = Extensions;
			sourceTree = "<group>";
		};
		FA43B74F2B7B8EC50087758C /* ScoreScreen */ = {
			isa = PBXGroup;
			children = (
				FA43B7502B7B8EEF0087758C /* ScoreViewController.swift */,
				FAD45CDA2B836F6A00B185AD /* ScoreTableViewCell.swift */,
			);
			path = ScoreScreen;
			sourceTree = "<group>";
		};
		FA490CE12B7B884B0086DFDE /* Application */ = {
			isa = PBXGroup;
			children = (
				FA4AEBE22B7B4D4E0067DE9F /* AppDelegate.swift */,
				FA4AEBE42B7B4D4E0067DE9F /* SceneDelegate.swift */,
			);
			path = Application;
			sourceTree = "<group>";
		};
		FA490CE22B7B886B0086DFDE /* SupportingFiles */ = {
			isa = PBXGroup;
			children = (
				FA4AEBEB2B7B4D4F0067DE9F /* Assets.xcassets */,
				FA4AEBED2B7B4D4F0067DE9F /* LaunchScreen.storyboard */,
				FA4AEBF02B7B4D4F0067DE9F /* Info.plist */,
			);
			path = SupportingFiles;
			sourceTree = "<group>";
		};
		FA4AEBD62B7B4D4E0067DE9F = {
			isa = PBXGroup;
			children = (
				FA4AEBE12B7B4D4E0067DE9F /* 2Dgame */,
				FA4AEBE02B7B4D4E0067DE9F /* Products */,
				EEC7649096FEB6339BA14790 /* Pods */,
				67957FB62A5858B132A1B38B /* Frameworks */,
			);
			sourceTree = "<group>";
		};
		FA4AEBE02B7B4D4E0067DE9F /* Products */ = {
			isa = PBXGroup;
			children = (
				FA4AEBDF2B7B4D4E0067DE9F /* 2Dgame.app */,
			);
			name = Products;
			sourceTree = "<group>";
		};
		FA4AEBE12B7B4D4E0067DE9F /* 2Dgame */ = {
			isa = PBXGroup;
			children = (
				FA490CE12B7B884B0086DFDE /* Application */,
				FA43B7412B7B8BC90087758C /* MainScreen */,
				FA43B7422B7B8BE80087758C /* GameScreen */,
				FA43B7432B7B8BF80087758C /* SettingsScreen */,
				FA43B74F2B7B8EC50087758C /* ScoreScreen */,
				FA1E2D122B8C7787000731A8 /* Services */,
				FA43B7482B7B8C800087758C /* Extensions */,
				FA490CE22B7B886B0086DFDE /* SupportingFiles */,
			);
			path = 2Dgame;
			sourceTree = "<group>";
		};
/* End PBXGroup section */

/* Begin PBXNativeTarget section */
		FA4AEBDE2B7B4D4E0067DE9F /* 2Dgame */ = {
			isa = PBXNativeTarget;
			buildConfigurationList = FA4AEBF32B7B4D4F0067DE9F /* Build configuration list for PBXNativeTarget "2Dgame" */;
			buildPhases = (
				87BBDDF807C3A0A17AB17B32 /* [CP] Check Pods Manifest.lock */,
				FA4AEBDB2B7B4D4E0067DE9F /* Sources */,
				FA4AEBDC2B7B4D4E0067DE9F /* Frameworks */,
				FA4AEBDD2B7B4D4E0067DE9F /* Resources */,
				C0FA7E54F5AFBE69B9646D0B /* [CP] Embed Pods Frameworks */,
			);
			buildRules = (
			);
			dependencies = (
			);
			name = 2Dgame;
			productName = 2Dgame;
			productReference = FA4AEBDF2B7B4D4E0067DE9F /* 2Dgame.app */;
			productType = "com.apple.product-type.application";
		};
/* End PBXNativeTarget section */

/* Begin PBXProject section */
		FA4AEBD72B7B4D4E0067DE9F /* Project object */ = {
			isa = PBXProject;
			attributes = {
				BuildIndependentTargetsInParallel = 1;
				LastSwiftUpdateCheck = 1520;
				LastUpgradeCheck = 1520;
				TargetAttributes = {
					FA4AEBDE2B7B4D4E0067DE9F = {
						CreatedOnToolsVersion = 15.2;
					};
				};
			};
			buildConfigurationList = FA4AEBDA2B7B4D4E0067DE9F /* Build configuration list for PBXProject "2Dgame" */;
			compatibilityVersion = "Xcode 14.0";
			developmentRegion = en;
			hasScannedForEncodings = 0;
			knownRegions = (
				en,
				Base,
			);
			mainGroup = FA4AEBD62B7B4D4E0067DE9F;
			productRefGroup = FA4AEBE02B7B4D4E0067DE9F /* Products */;
			projectDirPath = "";
			projectRoot = "";
			targets = (
				FA4AEBDE2B7B4D4E0067DE9F /* 2Dgame */,
			);
		};
/* End PBXProject section */

/* Begin PBXResourcesBuildPhase section */
		FA4AEBDD2B7B4D4E0067DE9F /* Resources */ = {
			isa = PBXResourcesBuildPhase;
			buildActionMask = 2147483647;
			files = (
				FA4AEBEF2B7B4D4F0067DE9F /* LaunchScreen.storyboard in Resources */,
				FA4AEBEC2B7B4D4F0067DE9F /* Assets.xcassets in Resources */,
			);
			runOnlyForDeploymentPostprocessing = 0;
		};
/* End PBXResourcesBuildPhase section */

/* Begin PBXShellScriptBuildPhase section */
		87BBDDF807C3A0A17AB17B32 /* [CP] Check Pods Manifest.lock */ = {
			isa = PBXShellScriptBuildPhase;
			buildActionMask = 2147483647;
			files = (
			);
			inputFileListPaths = (
			);
			inputPaths = (
				"${PODS_PODFILE_DIR_PATH}/Podfile.lock",
				"${PODS_ROOT}/Manifest.lock",
			);
			name = "[CP] Check Pods Manifest.lock";
			outputFileListPaths = (
			);
			outputPaths = (
				"$(DERIVED_FILE_DIR)/Pods-2Dgame-checkManifestLockResult.txt",
			);
			runOnlyForDeploymentPostprocessing = 0;
			shellPath = /bin/sh;
			shellScript = "diff \"${PODS_PODFILE_DIR_PATH}/Podfile.lock\" \"${PODS_ROOT}/Manifest.lock\" > /dev/null\nif [ $? != 0 ] ; then\n    # print error to STDERR\n    echo \"error: The sandbox is not in sync with the Podfile.lock. Run 'pod install' or update your CocoaPods installation.\" >&2\n    exit 1\nfi\n# This output is used by Xcode 'outputs' to avoid re-running this script phase.\necho \"SUCCESS\" > \"${SCRIPT_OUTPUT_FILE_0}\"\n";
			showEnvVarsInLog = 0;
		};
		C0FA7E54F5AFBE69B9646D0B /* [CP] Embed Pods Frameworks */ = {
			isa = PBXShellScriptBuildPhase;
			buildActionMask = 2147483647;
			files = (
			);
			inputFileListPaths = (
				"${PODS_ROOT}/Target Support Files/Pods-2Dgame/Pods-2Dgame-frameworks-${CONFIGURATION}-input-files.xcfilelist",
			);
			name = "[CP] Embed Pods Frameworks";
			outputFileListPaths = (
				"${PODS_ROOT}/Target Support Files/Pods-2Dgame/Pods-2Dgame-frameworks-${CONFIGURATION}-output-files.xcfilelist",
			);
			runOnlyForDeploymentPostprocessing = 0;
			shellPath = /bin/sh;
			shellScript = "\"${PODS_ROOT}/Target Support Files/Pods-2Dgame/Pods-2Dgame-frameworks.sh\"\n";
			showEnvVarsInLog = 0;
		};
/* End PBXShellScriptBuildPhase section */

/* Begin PBXSourcesBuildPhase section */
		FA4AEBDB2B7B4D4E0067DE9F /* Sources */ = {
			isa = PBXSourcesBuildPhase;
			buildActionMask = 2147483647;
			files = (
				FA43B7452B7B8C2F0087758C /* GameViewController.swift in Sources */,
				FA43B74C2B7B8CF30087758C /* UIStackView + Extensions.swift in Sources */,
				FA43B74E2B7B8D620087758C /* MainButton.swift in Sources */,
				FA4AEBE32B7B4D4E0067DE9F /* AppDelegate.swift in Sources */,
				FA4AEBE52B7B4D4E0067DE9F /* SceneDelegate.swift in Sources */,
				FA43B7472B7B8C450087758C /* SettingsViewController.swift in Sources */,
				FAA9BD402B8C85D70061F938 /* SpeedManager.swift in Sources */,
				FAAA73C22B7F42920053A27D /* UILabel + Extension.swift in Sources */,
				FAD45CDF2B83775B00B185AD /* UserModel.swift in Sources */,
				FA6B51192B7CA34900CD90DC /* CGFloat + Extensions.swift in Sources */,
				FAA9BD442B8CA7230061F938 /* MoveCarButton.swift in Sources */,
				FAD45CDD2B836FD000B185AD /* UIView + Extension.swift in Sources */,
				FA490CE02B7B88090086DFDE /* MainViewController.swift in Sources */,
				FAD45CDB2B836F6A00B185AD /* ScoreTableViewCell.swift in Sources */,
				FA43B7512B7B8EEF0087758C /* ScoreViewController.swift in Sources */,
			);
			runOnlyForDeploymentPostprocessing = 0;
		};
/* End PBXSourcesBuildPhase section */

/* Begin PBXVariantGroup section */
		FA4AEBED2B7B4D4F0067DE9F /* LaunchScreen.storyboard */ = {
			isa = PBXVariantGroup;
			children = (
				FA4AEBEE2B7B4D4F0067DE9F /* Base */,
			);
			name = LaunchScreen.storyboard;
			sourceTree = "<group>";
		};
/* End PBXVariantGroup section */

/* Begin XCBuildConfiguration section */
		FA4AEBF12B7B4D4F0067DE9F /* Debug */ = {
			isa = XCBuildConfiguration;
			buildSettings = {
				ALWAYS_SEARCH_USER_PATHS = NO;
				ASSETCATALOG_COMPILER_GENERATE_SWIFT_ASSET_SYMBOL_EXTENSIONS = YES;
				CLANG_ANALYZER_NONNULL = YES;
				CLANG_ANALYZER_NUMBER_OBJECT_CONVERSION = YES_AGGRESSIVE;
				CLANG_CXX_LANGUAGE_STANDARD = "gnu++20";
				CLANG_ENABLE_MODULES = YES;
				CLANG_ENABLE_OBJC_ARC = YES;
				CLANG_ENABLE_OBJC_WEAK = YES;
				CLANG_WARN_BLOCK_CAPTURE_AUTORELEASING = YES;
				CLANG_WARN_BOOL_CONVERSION = YES;
				CLANG_WARN_COMMA = YES;
				CLANG_WARN_CONSTANT_CONVERSION = YES;
				CLANG_WARN_DEPRECATED_OBJC_IMPLEMENTATIONS = YES;
				CLANG_WARN_DIRECT_OBJC_ISA_USAGE = YES_ERROR;
				CLANG_WARN_DOCUMENTATION_COMMENTS = YES;
				CLANG_WARN_EMPTY_BODY = YES;
				CLANG_WARN_ENUM_CONVERSION = YES;
				CLANG_WARN_INFINITE_RECURSION = YES;
				CLANG_WARN_INT_CONVERSION = YES;
				CLANG_WARN_NON_LITERAL_NULL_CONVERSION = YES;
				CLANG_WARN_OBJC_IMPLICIT_RETAIN_SELF = YES;
				CLANG_WARN_OBJC_LITERAL_CONVERSION = YES;
				CLANG_WARN_OBJC_ROOT_CLASS = YES_ERROR;
				CLANG_WARN_QUOTED_INCLUDE_IN_FRAMEWORK_HEADER = YES;
				CLANG_WARN_RANGE_LOOP_ANALYSIS = YES;
				CLANG_WARN_STRICT_PROTOTYPES = YES;
				CLANG_WARN_SUSPICIOUS_MOVE = YES;
				CLANG_WARN_UNGUARDED_AVAILABILITY = YES_AGGRESSIVE;
				CLANG_WARN_UNREACHABLE_CODE = YES;
				CLANG_WARN__DUPLICATE_METHOD_MATCH = YES;
				COPY_PHASE_STRIP = NO;
				DEBUG_INFORMATION_FORMAT = dwarf;
				ENABLE_STRICT_OBJC_MSGSEND = YES;
				ENABLE_TESTABILITY = YES;
				ENABLE_USER_SCRIPT_SANDBOXING = NO;
				GCC_C_LANGUAGE_STANDARD = gnu17;
				GCC_DYNAMIC_NO_PIC = NO;
				GCC_NO_COMMON_BLOCKS = YES;
				GCC_OPTIMIZATION_LEVEL = 0;
				GCC_PREPROCESSOR_DEFINITIONS = (
					"DEBUG=1",
					"$(inherited)",
				);
				GCC_WARN_64_TO_32_BIT_CONVERSION = YES;
				GCC_WARN_ABOUT_RETURN_TYPE = YES_ERROR;
				GCC_WARN_UNDECLARED_SELECTOR = YES;
				GCC_WARN_UNINITIALIZED_AUTOS = YES_AGGRESSIVE;
				GCC_WARN_UNUSED_FUNCTION = YES;
				GCC_WARN_UNUSED_VARIABLE = YES;
				IPHONEOS_DEPLOYMENT_TARGET = 17.2;
				LOCALIZATION_PREFERS_STRING_CATALOGS = YES;
				MTL_ENABLE_DEBUG_INFO = INCLUDE_SOURCE;
				MTL_FAST_MATH = YES;
				ONLY_ACTIVE_ARCH = YES;
				SDKROOT = iphoneos;
				SWIFT_ACTIVE_COMPILATION_CONDITIONS = "DEBUG $(inherited)";
				SWIFT_OPTIMIZATION_LEVEL = "-Onone";
			};
			name = Debug;
		};
		FA4AEBF22B7B4D4F0067DE9F /* Release */ = {
			isa = XCBuildConfiguration;
			buildSettings = {
				ALWAYS_SEARCH_USER_PATHS = NO;
				ASSETCATALOG_COMPILER_GENERATE_SWIFT_ASSET_SYMBOL_EXTENSIONS = YES;
				CLANG_ANALYZER_NONNULL = YES;
				CLANG_ANALYZER_NUMBER_OBJECT_CONVERSION = YES_AGGRESSIVE;
				CLANG_CXX_LANGUAGE_STANDARD = "gnu++20";
				CLANG_ENABLE_MODULES = YES;
				CLANG_ENABLE_OBJC_ARC = YES;
				CLANG_ENABLE_OBJC_WEAK = YES;
				CLANG_WARN_BLOCK_CAPTURE_AUTORELEASING = YES;
				CLANG_WARN_BOOL_CONVERSION = YES;
				CLANG_WARN_COMMA = YES;
				CLANG_WARN_CONSTANT_CONVERSION = YES;
				CLANG_WARN_DEPRECATED_OBJC_IMPLEMENTATIONS = YES;
				CLANG_WARN_DIRECT_OBJC_ISA_USAGE = YES_ERROR;
				CLANG_WARN_DOCUMENTATION_COMMENTS = YES;
				CLANG_WARN_EMPTY_BODY = YES;
				CLANG_WARN_ENUM_CONVERSION = YES;
				CLANG_WARN_INFINITE_RECURSION = YES;
				CLANG_WARN_INT_CONVERSION = YES;
				CLANG_WARN_NON_LITERAL_NULL_CONVERSION = YES;
				CLANG_WARN_OBJC_IMPLICIT_RETAIN_SELF = YES;
				CLANG_WARN_OBJC_LITERAL_CONVERSION = YES;
				CLANG_WARN_OBJC_ROOT_CLASS = YES_ERROR;
				CLANG_WARN_QUOTED_INCLUDE_IN_FRAMEWORK_HEADER = YES;
				CLANG_WARN_RANGE_LOOP_ANALYSIS = YES;
				CLANG_WARN_STRICT_PROTOTYPES = YES;
				CLANG_WARN_SUSPICIOUS_MOVE = YES;
				CLANG_WARN_UNGUARDED_AVAILABILITY = YES_AGGRESSIVE;
				CLANG_WARN_UNREACHABLE_CODE = YES;
				CLANG_WARN__DUPLICATE_METHOD_MATCH = YES;
				COPY_PHASE_STRIP = NO;
				DEBUG_INFORMATION_FORMAT = "dwarf-with-dsym";
				ENABLE_NS_ASSERTIONS = NO;
				ENABLE_STRICT_OBJC_MSGSEND = YES;
				ENABLE_USER_SCRIPT_SANDBOXING = NO;
				GCC_C_LANGUAGE_STANDARD = gnu17;
				GCC_NO_COMMON_BLOCKS = YES;
				GCC_WARN_64_TO_32_BIT_CONVERSION = YES;
				GCC_WARN_ABOUT_RETURN_TYPE = YES_ERROR;
				GCC_WARN_UNDECLARED_SELECTOR = YES;
				GCC_WARN_UNINITIALIZED_AUTOS = YES_AGGRESSIVE;
				GCC_WARN_UNUSED_FUNCTION = YES;
				GCC_WARN_UNUSED_VARIABLE = YES;
				IPHONEOS_DEPLOYMENT_TARGET = 17.2;
				LOCALIZATION_PREFERS_STRING_CATALOGS = YES;
				MTL_ENABLE_DEBUG_INFO = NO;
				MTL_FAST_MATH = YES;
				SDKROOT = iphoneos;
				SWIFT_COMPILATION_MODE = wholemodule;
				VALIDATE_PRODUCT = YES;
			};
			name = Release;
		};
		FA4AEBF42B7B4D4F0067DE9F /* Debug */ = {
			isa = XCBuildConfiguration;
			baseConfigurationReference = 7A153192CED3FB3268A6D15C /* Pods-2Dgame.debug.xcconfig */;
			buildSettings = {
				ASSETCATALOG_COMPILER_APPICON_NAME = AppIcon;
				ASSETCATALOG_COMPILER_GLOBAL_ACCENT_COLOR_NAME = AccentColor;
				CODE_SIGN_STYLE = Automatic;
				CURRENT_PROJECT_VERSION = 1;
				DEVELOPMENT_TEAM = UM9F85RKC2;
				GENERATE_INFOPLIST_FILE = YES;
				INFOPLIST_FILE = 2Dgame/SupportingFiles/Info.plist;
				INFOPLIST_KEY_UIApplicationSupportsIndirectInputEvents = YES;
				INFOPLIST_KEY_UILaunchStoryboardName = LaunchScreen;
				INFOPLIST_KEY_UISupportedInterfaceOrientations = UIInterfaceOrientationPortrait;
				INFOPLIST_KEY_UISupportedInterfaceOrientations_iPad = "UIInterfaceOrientationLandscapeLeft UIInterfaceOrientationLandscapeRight UIInterfaceOrientationPortrait UIInterfaceOrientationPortraitUpsideDown";
				LD_RUNPATH_SEARCH_PATHS = (
					"$(inherited)",
					"@executable_path/Frameworks",
				);
				MARKETING_VERSION = 1.0;
				PRODUCT_BUNDLE_IDENTIFIER = "Artem-Gerasimov.-Dgame";
				PRODUCT_NAME = "$(TARGET_NAME)";
				SUPPORTED_PLATFORMS = "iphoneos iphonesimulator";
				SUPPORTS_MACCATALYST = NO;
				SUPPORTS_MAC_DESIGNED_FOR_IPHONE_IPAD = NO;
				SUPPORTS_XR_DESIGNED_FOR_IPHONE_IPAD = NO;
				SWIFT_EMIT_LOC_STRINGS = YES;
				SWIFT_VERSION = 5.0;
				TARGETED_DEVICE_FAMILY = 1;
			};
			name = Debug;
		};
		FA4AEBF52B7B4D4F0067DE9F /* Release */ = {
			isa = XCBuildConfiguration;
			baseConfigurationReference = 47D6365F77CA1CE0F0D8A6FE /* Pods-2Dgame.release.xcconfig */;
			buildSettings = {
				ASSETCATALOG_COMPILER_APPICON_NAME = AppIcon;
				ASSETCATALOG_COMPILER_GLOBAL_ACCENT_COLOR_NAME = AccentColor;
				CODE_SIGN_STYLE = Automatic;
				CURRENT_PROJECT_VERSION = 1;
				DEVELOPMENT_TEAM = UM9F85RKC2;
				GENERATE_INFOPLIST_FILE = YES;
				INFOPLIST_FILE = 2Dgame/SupportingFiles/Info.plist;
				INFOPLIST_KEY_UIApplicationSupportsIndirectInputEvents = YES;
				INFOPLIST_KEY_UILaunchStoryboardName = LaunchScreen;
				INFOPLIST_KEY_UISupportedInterfaceOrientations = UIInterfaceOrientationPortrait;
				INFOPLIST_KEY_UISupportedInterfaceOrientations_iPad = "UIInterfaceOrientationLandscapeLeft UIInterfaceOrientationLandscapeRight UIInterfaceOrientationPortrait UIInterfaceOrientationPortraitUpsideDown";
				LD_RUNPATH_SEARCH_PATHS = (
					"$(inherited)",
					"@executable_path/Frameworks",
				);
				MARKETING_VERSION = 1.0;
				PRODUCT_BUNDLE_IDENTIFIER = "Artem-Gerasimov.-Dgame";
				PRODUCT_NAME = "$(TARGET_NAME)";
				SUPPORTED_PLATFORMS = "iphoneos iphonesimulator";
				SUPPORTS_MACCATALYST = NO;
				SUPPORTS_MAC_DESIGNED_FOR_IPHONE_IPAD = NO;
				SUPPORTS_XR_DESIGNED_FOR_IPHONE_IPAD = NO;
				SWIFT_EMIT_LOC_STRINGS = YES;
				SWIFT_VERSION = 5.0;
				TARGETED_DEVICE_FAMILY = 1;
			};
			name = Release;
		};
/* End XCBuildConfiguration section */

/* Begin XCConfigurationList section */
		FA4AEBDA2B7B4D4E0067DE9F /* Build configuration list for PBXProject "2Dgame" */ = {
			isa = XCConfigurationList;
			buildConfigurations = (
				FA4AEBF12B7B4D4F0067DE9F /* Debug */,
				FA4AEBF22B7B4D4F0067DE9F /* Release */,
			);
			defaultConfigurationIsVisible = 0;
			defaultConfigurationName = Release;
		};
		FA4AEBF32B7B4D4F0067DE9F /* Build configuration list for PBXNativeTarget "2Dgame" */ = {
			isa = XCConfigurationList;
			buildConfigurations = (
				FA4AEBF42B7B4D4F0067DE9F /* Debug */,
				FA4AEBF52B7B4D4F0067DE9F /* Release */,
			);
			defaultConfigurationIsVisible = 0;
			defaultConfigurationName = Release;
		};
/* End XCConfigurationList section */
	};
	rootObject = FA4AEBD72B7B4D4E0067DE9F /* Project object */;
}
